# Generated by pub
# See http://pub.dartlang.org/doc/glossary.html#lockfile
packages:
  analyzer_experimental:
    description: analyzer_experimental
    source: hosted
    version: "0.6.19"
  args:
    description: args
    source: hosted
    version: "0.6.19"
  browser:
    description: browser
    source: hosted
    version: "0.6.19"
  chart:
    description: chart
    source: hosted
    version: "0.3.1"
  intl:
    description: intl
    source: hosted
    version: "0.6.19"
  logging:
    description: logging
    source: hosted
    version: "0.6.19"
  path:
    description: path
    source: hosted
    version: "0.6.19"
  unmodifiable_collection:
    description: unmodifiable_collection
    source: hosted
    version: "0.6.19"
